// !$*UTF8*$!
{
	archiveVersion = 1;
	classes = {
	};
	objectVersion = 77;
	objects = {

/* Begin PBXBuildFile section */
		D9E9AA8C2E3F6D2600976E8B /* Moya in Frameworks */ = {isa = PBXBuildFile; productRef = D9E9AA8B2E3F6D2600976E8B /* Moya */; };
/* End PBXBuildFile section */

/* Begin PBXContainerItemProxy section */
		D9E24BF42E114C8500FC5331 /* PBXContainerItemProxy */ = {
			isa = PBXContainerItemProxy;
			containerPortal = D9E24BDE2E114C8300FC5331 /* Project object */;
			proxyType = 1;
			remoteGlobalIDString = D9E24BE52E114C8300FC5331;
			remoteInfo = Linktape;
		};
		D9E24BFE2E114C8500FC5331 /* PBXContainerItemProxy */ = {
			isa = PBXContainerItemProxy;
			containerPortal = D9E24BDE2E114C8300FC5331 /* Project object */;
			proxyType = 1;
			remoteGlobalIDString = D9E24BE52E114C8300FC5331;
			remoteInfo = Linktape;
		};
/* End PBXContainerItemProxy section */

/* Begin PBXFileReference section */
		D9E24BE62E114C8300FC5331 /* Linktape.app */ = {isa = PBXFileReference; explicitFileType = wrapper.application; includeInIndex = 0; path = Linktape.app; sourceTree = BUILT_PRODUCTS_DIR; };
		D9E24BF32E114C8500FC5331 /* LinktapeTests.xctest */ = {isa = PBXFileReference; explicitFileType = wrapper.cfbundle; includeInIndex = 0; path = LinktapeTests.xctest; sourceTree = BUILT_PRODUCTS_DIR; };
		D9E24BFD2E114C8500FC5331 /* LinktapeUITests.xctest */ = {isa = PBXFileReference; explicitFileType = wrapper.cfbundle; includeInIndex = 0; path = LinktapeUITests.xctest; sourceTree = BUILT_PRODUCTS_DIR; };
/* End PBXFileReference section */

/* Begin PBXFileSystemSynchronizedRootGroup section */
		D9E24BE82E114C8300FC5331 /* Linktape */ = {
			isa = PBXFileSystemSynchronizedRootGroup;
			path = Linktape;
			sourceTree = "<group>";
		};
		D9E24BF62E114C8500FC5331 /* LinktapeTests */ = {
			isa = PBXFileSystemSynchronizedRootGroup;
			path = LinktapeTests;
			sourceTree = "<group>";
		};
		D9E24C002E114C8500FC5331 /* LinktapeUITests */ = {
			isa = PBXFileSystemSynchronizedRootGroup;
			path = LinktapeUITests;
			sourceTree = "<group>";
		};
/* End PBXFileSystemSynchronizedRootGroup section */

/* Begin PBXFrameworksBuildPhase section */
		D9E24BE32E114C8300FC5331 /* Frameworks */ = {
			isa = PBXFrameworksBuildPhase;
			buildActionMask = 2147483647;
			files = (
				D9E9AA8C2E3F6D2600976E8B /* Moya in Frameworks */,
			);
			runOnlyForDeploymentPostprocessing = 0;
		};
		D9E24BF02E114C8500FC5331 /* Frameworks */ = {
			isa = PBXFrameworksBuildPhase;
			buildActionMask = 2147483647;
			files = (
			);
			runOnlyForDeploymentPostprocessing = 0;
		};
		D9E24BFA2E114C8500FC5331 /* Frameworks */ = {
			isa = PBXFrameworksBuildPhase;
			buildActionMask = 2147483647;
			files = (
			);
			runOnlyForDeploymentPostprocessing = 0;
		};
/* End PBXFrameworksBuildPhase section */

/* Begin PBXGroup section */
		D9E24BDD2E114C8300FC5331 = {
			isa = PBXGroup;
			children = (
				D9E24BE82E114C8300FC5331 /* Linktape */,
				D9E24BF62E114C8500FC5331 /* LinktapeTests */,
				D9E24C002E114C8500FC5331 /* LinktapeUITests */,
				D9E24BE72E114C8300FC5331 /* Products */,
			);
			sourceTree = "<group>";
		};
		D9E24BE72E114C8300FC5331 /* Products */ = {
			isa = PBXGroup;
			children = (
				D9E24BE62E114C8300FC5331 /* Linktape.app */,
				D9E24BF32E114C8500FC5331 /* LinktapeTests.xctest */,
				D9E24BFD2E114C8500FC5331 /* LinktapeUITests.xctest */,
			);
			name = Products;
			sourceTree = "<group>";
		};
/* End PBXGroup section */

/* Begin PBXNativeTarget section */
		D9E24BE52E114C8300FC5331 /* Linktape */ = {
			isa = PBXNativeTarget;
			buildConfigurationList = D9E24C072E114C8500FC5331 /* Build configuration list for PBXNativeTarget "Linktape" */;
			buildPhases = (
				D9E24BE22E114C8300FC5331 /* Sources */,
				D9E24BE32E114C8300FC5331 /* Frameworks */,
				D9E24BE42E114C8300FC5331 /* Resources */,
			);
			buildRules = (
			);
			dependencies = (
			);
			fileSystemSynchronizedGroups = (
				D9E24BE82E114C8300FC5331 /* Linktape */,
			);
			name = Linktape;
			packageProductDependencies = (
				D9E9AA8B2E3F6D2600976E8B /* Moya */,
			);
			productName = Linktape;
			productReference = D9E24BE62E114C8300FC5331 /* Linktape.app */;
			productType = "com.apple.product-type.application";
		};
		D9E24BF22E114C8500FC5331 /* LinktapeTests */ = {
			isa = PBXNativeTarget;
			buildConfigurationList = D9E24C0A2E114C8500FC5331 /* Build configuration list for PBXNativeTarget "LinktapeTests" */;
			buildPhases = (
				D9E24BEF2E114C8500FC5331 /* Sources */,
				D9E24BF02E114C8500FC5331 /* Frameworks */,
				D9E24BF12E114C8500FC5331 /* Resources */,
			);
			buildRules = (
			);
			dependencies = (
				D9E24BF52E114C8500FC5331 /* PBXTargetDependency */,
			);
			fileSystemSynchronizedGroups = (
				D9E24BF62E114C8500FC5331 /* LinktapeTests */,
			);
			name = LinktapeTests;
			packageProductDependencies = (
			);
			productName = LinktapeTests;
			productReference = D9E24BF32E114C8500FC5331 /* LinktapeTests.xctest */;
			productType = "com.apple.product-type.bundle.unit-test";
		};
		D9E24BFC2E114C8500FC5331 /* LinktapeUITests */ = {
			isa = PBXNativeTarget;
			buildConfigurationList = D9E24C0D2E114C8500FC5331 /* Build configuration list for PBXNativeTarget "LinktapeUITests" */;
			buildPhases = (
				D9E24BF92E114C8500FC5331 /* Sources */,
				D9E24BFA2E114C8500FC5331 /* Frameworks */,
				D9E24BFB2E114C8500FC5331 /* Resources */,
			);
			buildRules = (
			);
			dependencies = (
				D9E24BFF2E114C8500FC5331 /* PBXTargetDependency */,
			);
			fileSystemSynchronizedGroups = (
				D9E24C002E114C8500FC5331 /* LinktapeUITests */,
			);
			name = LinktapeUITests;
			packageProductDependencies = (
			);
			productName = LinktapeUITests;
			productReference = D9E24BFD2E114C8500FC5331 /* LinktapeUITests.xctest */;
			productType = "com.apple.product-type.bundle.ui-testing";
		};
/* End PBXNativeTarget section */

/* Begin PBXProject section */
		D9E24BDE2E114C8300FC5331 /* Project object */ = {
			isa = PBXProject;
			attributes = {
				BuildIndependentTargetsInParallel = 1;
				LastSwiftUpdateCheck = 1640;
				LastUpgradeCheck = 1640;
				TargetAttributes = {
					D9E24BE52E114C8300FC5331 = {
						CreatedOnToolsVersion = 16.4;
					};
					D9E24BF22E114C8500FC5331 = {
						CreatedOnToolsVersion = 16.4;
						TestTargetID = D9E24BE52E114C8300FC5331;
					};
					D9E24BFC2E114C8500FC5331 = {
						CreatedOnToolsVersion = 16.4;
						TestTargetID = D9E24BE52E114C8300FC5331;
					};
				};
			};
			buildConfigurationList = D9E24BE12E114C8300FC5331 /* Build configuration list for PBXProject "Linktape" */;
			developmentRegion = en;
			hasScannedForEncodings = 0;
			knownRegions = (
				en,
				Base,
			);
			mainGroup = D9E24BDD2E114C8300FC5331;
			minimizedProjectReferenceProxies = 1;
			packageReferences = (
				D9E9AA8A2E3F6D2600976E8B /* XCRemoteSwiftPackageReference "Moya" */,
				D9E9AA8D2E3F6E0000976E8B /* XCRemoteSwiftPackageReference "SwiftLintPlugins" */,
			);
			preferredProjectObjectVersion = 77;
			productRefGroup = D9E24BE72E114C8300FC5331 /* Products */;
			projectDirPath = "";
			projectRoot = "";
			targets = (
				D9E24BE52E114C8300FC5331 /* Linktape */,
				D9E24BF22E114C8500FC5331 /* LinktapeTests */,
				D9E24BFC2E114C8500FC5331 /* LinktapeUITests */,
			);
		};
/* End PBXProject section */

/* Begin PBXResourcesBuildPhase section */
		D9E24BE42E114C8300FC5331 /* Resources */ = {
			isa = PBXResourcesBuildPhase;
			buildActionMask = 2147483647;
			files = (
			);
			runOnlyForDeploymentPostprocessing = 0;
		};
		D9E24BF12E114C8500FC5331 /* Resources */ = {
			isa = PBXResourcesBuildPhase;
			buildActionMask = 2147483647;
			files = (
			);
			runOnlyForDeploymentPostprocessing = 0;
		};
		D9E24BFB2E114C8500FC5331 /* Resources */ = {
			isa = PBXResourcesBuildPhase;
			buildActionMask = 2147483647;
			files = (
			);
			runOnlyForDeploymentPostprocessing = 0;
		};
/* End PBXResourcesBuildPhase section */

/* Begin PBXSourcesBuildPhase section */
		D9E24BE22E114C8300FC5331 /* Sources */ = {
			isa = PBXSourcesBuildPhase;
			buildActionMask = 2147483647;
			files = (
			);
			runOnlyForDeploymentPostprocessing = 0;
		};
		D9E24BEF2E114C8500FC5331 /* Sources */ = {
			isa = PBXSourcesBuildPhase;
			buildActionMask = 2147483647;
			files = (
			);
			runOnlyForDeploymentPostprocessing = 0;
		};
		D9E24BF92E114C8500FC5331 /* Sources */ = {
			isa = PBXSourcesBuildPhase;
			buildActionMask = 2147483647;
			files = (
			);
			runOnlyForDeploymentPostprocessing = 0;
		};
/* End PBXSourcesBuildPhase section */

/* Begin PBXTargetDependency section */
		D9E24BF52E114C8500FC5331 /* PBXTargetDependency */ = {
			isa = PBXTargetDependency;
			target = D9E24BE52E114C8300FC5331 /* Linktape */;
			targetProxy = D9E24BF42E114C8500FC5331 /* PBXContainerItemProxy */;
		};
		D9E24BFF2E114C8500FC5331 /* PBXTargetDependency */ = {
			isa = PBXTargetDependency;
			target = D9E24BE52E114C8300FC5331 /* Linktape */;
			targetProxy = D9E24BFE2E114C8500FC5331 /* PBXContainerItemProxy */;
		};
/* End PBXTargetDependency section */

/* Begin XCBuildConfiguration section */
		D9E24C052E114C8500FC5331 /* Debug */ = {
			isa = XCBuildConfiguration;
			buildSettings = {
				ALWAYS_SEARCH_USER_PATHS = NO;
				ASSETCATALOG_COMPILER_GENERATE_SWIFT_ASSET_SYMBOL_EXTENSIONS = YES;
				CLANG_ANALYZER_NONNULL = YES;
				CLANG_ANALYZER_NUMBER_OBJECT_CONVERSION = YES_AGGRESSIVE;
				CLANG_CXX_LANGUAGE_STANDARD = "gnu++20";
				CLANG_ENABLE_MODULES = YES;
				CLANG_ENABLE_OBJC_ARC = YES;
				CLANG_ENABLE_OBJC_WEAK = YES;
				CLANG_WARN_BLOCK_CAPTURE_AUTORELEASING = YES;
				CLANG_WARN_BOOL_CONVERSION = YES;
				CLANG_WARN_COMMA = YES;
				CLANG_WARN_CONSTANT_CONVERSION = YES;
				CLANG_WARN_DEPRECATED_OBJC_IMPLEMENTATIONS = YES;
				CLANG_WARN_DIRECT_OBJC_ISA_USAGE = YES_ERROR;
				CLANG_WARN_DOCUMENTATION_COMMENTS = YES;
				CLANG_WARN_EMPTY_BODY = YES;
				CLANG_WARN_ENUM_CONVERSION = YES;
				CLANG_WARN_INFINITE_RECURSION = YES;
				CLANG_WARN_INT_CONVERSION = YES;
				CLANG_WARN_NON_LITERAL_NULL_CONVERSION = YES;
				CLANG_WARN_OBJC_IMPLICIT_RETAIN_SELF = YES;
				CLANG_WARN_OBJC_LITERAL_CONVERSION = YES;
				CLANG_WARN_OBJC_ROOT_CLASS = YES_ERROR;
				CLANG_WARN_QUOTED_INCLUDE_IN_FRAMEWORK_HEADER = YES;
				CLANG_WARN_RANGE_LOOP_ANALYSIS = YES;
				CLANG_WARN_STRICT_PROTOTYPES = YES;
				CLANG_WARN_SUSPICIOUS_MOVE = YES;
				CLANG_WARN_UNGUARDED_AVAILABILITY = YES_AGGRESSIVE;
				CLANG_WARN_UNREACHABLE_CODE = YES;
				CLANG_WARN__DUPLICATE_METHOD_MATCH = YES;
				COPY_PHASE_STRIP = NO;
				DEBUG_INFORMATION_FORMAT = dwarf;
				ENABLE_STRICT_OBJC_MSGSEND = YES;
				ENABLE_TESTABILITY = YES;
				ENABLE_USER_SCRIPT_SANDBOXING = YES;
				GCC_C_LANGUAGE_STANDARD = gnu17;
				GCC_DYNAMIC_NO_PIC = NO;
				GCC_NO_COMMON_BLOCKS = YES;
				GCC_OPTIMIZATION_LEVEL = 0;
				GCC_PREPROCESSOR_DEFINITIONS = (
					"DEBUG=1",
					"$(inherited)",
				);
				GCC_WARN_64_TO_32_BIT_CONVERSION = YES;
				GCC_WARN_ABOUT_RETURN_TYPE = YES_ERROR;
				GCC_WARN_UNDECLARED_SELECTOR = YES;
				GCC_WARN_UNINITIALIZED_AUTOS = YES_AGGRESSIVE;
				GCC_WARN_UNUSED_FUNCTION = YES;
				GCC_WARN_UNUSED_VARIABLE = YES;
				IPHONEOS_DEPLOYMENT_TARGET = 18.5;
				LOCALIZATION_PREFERS_STRING_CATALOGS = YES;
				MTL_ENABLE_DEBUG_INFO = INCLUDE_SOURCE;
				MTL_FAST_MATH = YES;
				ONLY_ACTIVE_ARCH = YES;
				SDKROOT = iphoneos;
				SWIFT_ACTIVE_COMPILATION_CONDITIONS = "DEBUG $(inherited)";
				SWIFT_OPTIMIZATION_LEVEL = "-Onone";
			};
			name = Debug;
		};
		D9E24C062E114C8500FC5331 /* Release */ = {
			isa = XCBuildConfiguration;
			buildSettings = {
				ALWAYS_SEARCH_USER_PATHS = NO;
				ASSETCATALOG_COMPILER_GENERATE_SWIFT_ASSET_SYMBOL_EXTENSIONS = YES;
				CLANG_ANALYZER_NONNULL = YES;
				CLANG_ANALYZER_NUMBER_OBJECT_CONVERSION = YES_AGGRESSIVE;
				CLANG_CXX_LANGUAGE_STANDARD = "gnu++20";
				CLANG_ENABLE_MODULES = YES;
				CLANG_ENABLE_OBJC_ARC = YES;
				CLANG_ENABLE_OBJC_WEAK = YES;
				CLANG_WARN_BLOCK_CAPTURE_AUTORELEASING = YES;
				CLANG_WARN_BOOL_CONVERSION = YES;
				CLANG_WARN_COMMA = YES;
				CLANG_WARN_CONSTANT_CONVERSION = YES;
				CLANG_WARN_DEPRECATED_OBJC_IMPLEMENTATIONS = YES;
				CLANG_WARN_DIRECT_OBJC_ISA_USAGE = YES_ERROR;
				CLANG_WARN_DOCUMENTATION_COMMENTS = YES;
				CLANG_WARN_EMPTY_BODY = YES;
				CLANG_WARN_ENUM_CONVERSION = YES;
				CLANG_WARN_INFINITE_RECURSION = YES;
				CLANG_WARN_INT_CONVERSION = YES;
				CLANG_WARN_NON_LITERAL_NULL_CONVERSION = YES;
				CLANG_WARN_OBJC_IMPLICIT_RETAIN_SELF = YES;
				CLANG_WARN_OBJC_LITERAL_CONVERSION = YES;
				CLANG_WARN_OBJC_ROOT_CLASS = YES_ERROR;
				CLANG_WARN_QUOTED_INCLUDE_IN_FRAMEWORK_HEADER = YES;
				CLANG_WARN_RANGE_LOOP_ANALYSIS = YES;
				CLANG_WARN_STRICT_PROTOTYPES = YES;
				CLANG_WARN_SUSPICIOUS_MOVE = YES;
				CLANG_WARN_UNGUARDED_AVAILABILITY = YES_AGGRESSIVE;
				CLANG_WARN_UNREACHABLE_CODE = YES;
				CLANG_WARN__DUPLICATE_METHOD_MATCH = YES;
				COPY_PHASE_STRIP = NO;
				DEBUG_INFORMATION_FORMAT = "dwarf-with-dsym";
				ENABLE_NS_ASSERTIONS = NO;
				ENABLE_STRICT_OBJC_MSGSEND = YES;
				ENABLE_USER_SCRIPT_SANDBOXING = YES;
				GCC_C_LANGUAGE_STANDARD = gnu17;
				GCC_NO_COMMON_BLOCKS = YES;
				GCC_WARN_64_TO_32_BIT_CONVERSION = YES;
				GCC_WARN_ABOUT_RETURN_TYPE = YES_ERROR;
				GCC_WARN_UNDECLARED_SELECTOR = YES;
				GCC_WARN_UNINITIALIZED_AUTOS = YES_AGGRESSIVE;
				GCC_WARN_UNUSED_FUNCTION = YES;
				GCC_WARN_UNUSED_VARIABLE = YES;
				IPHONEOS_DEPLOYMENT_TARGET = 18.5;
				LOCALIZATION_PREFERS_STRING_CATALOGS = YES;
				MTL_ENABLE_DEBUG_INFO = NO;
				MTL_FAST_MATH = YES;
				SDKROOT = iphoneos;
				SWIFT_COMPILATION_MODE = wholemodule;
				VALIDATE_PRODUCT = YES;
			};
			name = Release;
		};
		D9E24C082E114C8500FC5331 /* Debug */ = {
			isa = XCBuildConfiguration;
			buildSettings = {
				ASSETCATALOG_COMPILER_APPICON_NAME = AppIcon;
				ASSETCATALOG_COMPILER_GLOBAL_ACCENT_COLOR_NAME = AccentColor;
				CODE_SIGN_STYLE = Automatic;
				CURRENT_PROJECT_VERSION = 1;
				ENABLE_PREVIEWS = YES;
				GENERATE_INFOPLIST_FILE = YES;
				INFOPLIST_KEY_UIApplicationSceneManifest_Generation = YES;
				INFOPLIST_KEY_UIApplicationSupportsIndirectInputEvents = YES;
				INFOPLIST_KEY_UILaunchScreen_Generation = YES;
				INFOPLIST_KEY_UISupportedInterfaceOrientations_iPad = "UIInterfaceOrientationPortrait UIInterfaceOrientationPortraitUpsideDown UIInterfaceOrientationLandscapeLeft UIInterfaceOrientationLandscapeRight";
				INFOPLIST_KEY_UISupportedInterfaceOrientations_iPhone = "UIInterfaceOrientationPortrait UIInterfaceOrientationLandscapeLeft UIInterfaceOrientationLandscapeRight";
				LD_RUNPATH_SEARCH_PATHS = (
					"$(inherited)",
					"@executable_path/Frameworks",
				);
				MARKETING_VERSION = 1.0;
				PRODUCT_BUNDLE_IDENTIFIER = com.fujimori.Linktape;
				PRODUCT_NAME = "$(TARGET_NAME)";
				SWIFT_EMIT_LOC_STRINGS = YES;
				SWIFT_VERSION = 6.0;
				TARGETED_DEVICE_FAMILY = "1,2";
			};
			name = Debug;
		};
		D9E24C092E114C8500FC5331 /* Release */ = {
			isa = XCBuildConfiguration;
			buildSettings = {
				ASSETCATALOG_COMPILER_APPICON_NAME = AppIcon;
				ASSETCATALOG_COMPILER_GLOBAL_ACCENT_COLOR_NAME = AccentColor;
				CODE_SIGN_STYLE = Automatic;
				CURRENT_PROJECT_VERSION = 1;
				ENABLE_PREVIEWS = YES;
				GENERATE_INFOPLIST_FILE = YES;
				INFOPLIST_KEY_UIApplicationSceneManifest_Generation = YES;
				INFOPLIST_KEY_UIApplicationSupportsIndirectInputEvents = YES;
				INFOPLIST_KEY_UILaunchScreen_Generation = YES;
				INFOPLIST_KEY_UISupportedInterfaceOrientations_iPad = "UIInterfaceOrientationPortrait UIInterfaceOrientationPortraitUpsideDown UIInterfaceOrientationLandscapeLeft UIInterfaceOrientationLandscapeRight";
				INFOPLIST_KEY_UISupportedInterfaceOrientations_iPhone = "UIInterfaceOrientationPortrait UIInterfaceOrientationLandscapeLeft UIInterfaceOrientationLandscapeRight";
				LD_RUNPATH_SEARCH_PATHS = (
					"$(inherited)",
					"@executable_path/Frameworks",
				);
				MARKETING_VERSION = 1.0;
				PRODUCT_BUNDLE_IDENTIFIER = com.fujimori.Linktape;
				PRODUCT_NAME = "$(TARGET_NAME)";
				SWIFT_EMIT_LOC_STRINGS = YES;
				SWIFT_VERSION = 6.0;
				TARGETED_DEVICE_FAMILY = "1,2";
			};
			name = Release;
		};
		D9E24C0B2E114C8500FC5331 /* Debug */ = {
			isa = XCBuildConfiguration;
			buildSettings = {
				BUNDLE_LOADER = "$(TEST_HOST)";
				CODE_SIGN_STYLE = Automatic;
				CURRENT_PROJECT_VERSION = 1;
				GENERATE_INFOPLIST_FILE = YES;
				IPHONEOS_DEPLOYMENT_TARGET = 18.5;
				MARKETING_VERSION = 1.0;
				PRODUCT_BUNDLE_IDENTIFIER = com.fujimori.LinktapeTests;
				PRODUCT_NAME = "$(TARGET_NAME)";
				SWIFT_EMIT_LOC_STRINGS = NO;
				SWIFT_VERSION = 5.0;
				TARGETED_DEVICE_FAMILY = "1,2";
				TEST_HOST = "$(BUILT_PRODUCTS_DIR)/Linktape.app/$(BUNDLE_EXECUTABLE_FOLDER_PATH)/Linktape";
			};
			name = Debug;
		};
		D9E24C0C2E114C8500FC5331 /* Release */ = {
			isa = XCBuildConfiguration;
			buildSettings = {
				BUNDLE_LOADER = "$(TEST_HOST)";
				CODE_SIGN_STYLE = Automatic;
				CURRENT_PROJECT_VERSION = 1;
				GENERATE_INFOPLIST_FILE = YES;
				IPHONEOS_DEPLOYMENT_TARGET = 18.5;
				MARKETING_VERSION = 1.0;
				PRODUCT_BUNDLE_IDENTIFIER = com.fujimori.LinktapeTests;
				PRODUCT_NAME = "$(TARGET_NAME)";
				SWIFT_EMIT_LOC_STRINGS = NO;
				SWIFT_VERSION = 5.0;
				TARGETED_DEVICE_FAMILY = "1,2";
				TEST_HOST = "$(BUILT_PRODUCTS_DIR)/Linktape.app/$(BUNDLE_EXECUTABLE_FOLDER_PATH)/Linktape";
			};
			name = Release;
		};
		D9E24C0E2E114C8500FC5331 /* Debug */ = {
			isa = XCBuildConfiguration;
			buildSettings = {
				CODE_SIGN_STYLE = Automatic;
				CURRENT_PROJECT_VERSION = 1;
				GENERATE_INFOPLIST_FILE = YES;
				MARKETING_VERSION = 1.0;
				PRODUCT_BUNDLE_IDENTIFIER = com.fujimori.LinktapeUITests;
				PRODUCT_NAME = "$(TARGET_NAME)";
				SWIFT_EMIT_LOC_STRINGS = NO;
				SWIFT_VERSION = 5.0;
				TARGETED_DEVICE_FAMILY = "1,2";
				TEST_TARGET_NAME = Linktape;
			};
			name = Debug;
		};
		D9E24C0F2E114C8500FC5331 /* Release */ = {
			isa = XCBuildConfiguration;
			buildSettings = {
				CODE_SIGN_STYLE = Automatic;
				CURRENT_PROJECT_VERSION = 1;
				GENERATE_INFOPLIST_FILE = YES;
				MARKETING_VERSION = 1.0;
				PRODUCT_BUNDLE_IDENTIFIER = com.fujimori.LinktapeUITests;
				PRODUCT_NAME = "$(TARGET_NAME)";
				SWIFT_EMIT_LOC_STRINGS = NO;
				SWIFT_VERSION = 5.0;
				TARGETED_DEVICE_FAMILY = "1,2";
				TEST_TARGET_NAME = Linktape;
			};
			name = Release;
		};
/* End XCBuildConfiguration section */

/* Begin XCConfigurationList section */
		D9E24BE12E114C8300FC5331 /* Build configuration list for PBXProject "Linktape" */ = {
			isa = XCConfigurationList;
			buildConfigurations = (
				D9E24C052E114C8500FC5331 /* Debug */,
				D9E24C062E114C8500FC5331 /* Release */,
			);
			defaultConfigurationIsVisible = 0;
			defaultConfigurationName = Release;
		};
		D9E24C072E114C8500FC5331 /* Build configuration list for PBXNativeTarget "Linktape" */ = {
			isa = XCConfigurationList;
			buildConfigurations = (
				D9E24C082E114C8500FC5331 /* Debug */,
				D9E24C092E114C8500FC5331 /* Release */,
			);
			defaultConfigurationIsVisible = 0;
			defaultConfigurationName = Release;
		};
		D9E24C0A2E114C8500FC5331 /* Build configuration list for PBXNativeTarget "LinktapeTests" */ = {
			isa = XCConfigurationList;
			buildConfigurations = (
				D9E24C0B2E114C8500FC5331 /* Debug */,
				D9E24C0C2E114C8500FC5331 /* Release */,
			);
			defaultConfigurationIsVisible = 0;
			defaultConfigurationName = Release;
		};
		D9E24C0D2E114C8500FC5331 /* Build configuration list for PBXNativeTarget "LinktapeUITests" */ = {
			isa = XCConfigurationList;
			buildConfigurations = (
				D9E24C0E2E114C8500FC5331 /* Debug */,
				D9E24C0F2E114C8500FC5331 /* Release */,
			);
			defaultConfigurationIsVisible = 0;
			defaultConfigurationName = Release;
		};
/* End XCConfigurationList section */

/* Begin XCRemoteSwiftPackageReference section */
		D9E9AA8A2E3F6D2600976E8B /* XCRemoteSwiftPackageReference "Moya" */ = {
			isa = XCRemoteSwiftPackageReference;
			repositoryURL = "https://github.com/Moya/Moya.git";
			requirement = {
				kind = upToNextMajorVersion;
				minimumVersion = 15.0.3;
			};
		};
		D9E9AA8D2E3F6E0000976E8B /* XCRemoteSwiftPackageReference "SwiftLintPlugins" */ = {
			isa = XCRemoteSwiftPackageReference;
			repositoryURL = "https://github.com/SimplyDanny/SwiftLintPlugins";
			requirement = {
				kind = upToNextMajorVersion;
				minimumVersion = 0.59.1;
			};
		};
/* End XCRemoteSwiftPackageReference section */

/* Begin XCSwiftPackageProductDependency section */
		D9E9AA8B2E3F6D2600976E8B /* Moya */ = {
			isa = XCSwiftPackageProductDependency;
			package = D9E9AA8A2E3F6D2600976E8B /* XCRemoteSwiftPackageReference "Moya" */;
			productName = Moya;
		};
/* End XCSwiftPackageProductDependency section */
	};
	rootObject = D9E24BDE2E114C8300FC5331 /* Project object */;
}
